
Microsoft Visual Studio Solution File, Format Version 12.00
# Visual Studio Version 17
VisualStudioVersion = 17.14.36015.10 d17.14
MinimumVisualStudioVersion = 10.0.40219.1
Project("{888888A0-9F3D-457C-B088-3A5042F75D52}") = "phhishguard", "phhishguard.pyproj", "{16D12674-8730-47F1-8836-A4316DF7DC76}"
EndProject
Global
	GlobalSection(SolutionConfigurationPlatforms) = preSolution
		Debug|Any CPU = Debug|Any CPU
		Release|Any CPU = Release|Any CPU
	EndGlobalSection
	GlobalSection(ProjectConfigurationPlatforms) = postSolution
		{16D12674-8730-47F1-8836-A4316DF7DC76}.Debug|Any CPU.ActiveCfg = Debug|Any CPU
		{16D12674-8730-47F1-8836-A4316DF7DC76}.Release|Any CPU.ActiveCfg = Release|Any CPU
	EndGlobalSection
	GlobalSection(SolutionProperties) = preSolution
		HideSolutionNode = FALSE
	EndGlobalSection
	GlobalSection(ExtensibilityGlobals) = postSolution
		SolutionGuid = {729A5800-4F6F-4F5D-911C-9AAC35892074}
	EndGlobalSection
EndGlobal
