
Microsoft Visual Studio Solution File, Format Version 12.00
# Visual Studio Version 17
VisualStudioVersion = 17.14.35906.104 d17.14
MinimumVisualStudioVersion = 10.0.40219.1
Project("{888888A0-9F3D-457C-B088-3A5042F75D52}") = "PhishGuard", "PhishGuard.pyproj", "{6D04F8D2-0968-49DC-886C-599A06471A76}"
EndProject
Global
	GlobalSection(SolutionConfigurationPlatforms) = preSolution
		Debug|Any CPU = Debug|Any CPU
		Release|Any CPU = Release|Any CPU
	EndGlobalSection
	GlobalSection(ProjectConfigurationPlatforms) = postSolution
		{6D04F8D2-0968-49DC-886C-599A06471A76}.Debug|Any CPU.ActiveCfg = Debug|Any CPU
		{6D04F8D2-0968-49DC-886C-599A06471A76}.Release|Any CPU.ActiveCfg = Release|Any CPU
	EndGlobalSection
	GlobalSection(SolutionProperties) = preSolution
		HideSolutionNode = FALSE
	EndGlobalSection
	GlobalSection(ExtensibilityGlobals) = postSolution
		SolutionGuid = {463F2F8E-4639-4403-A7C4-0CDB05181A3B}
	EndGlobalSection
EndGlobal
